github.com/cenkalti/backoff v2.1.0+incompatible h1:FIRvWBZrzS4YC7NT5cOuZjexzFvIr+Dbi6aD1cZaNBk=
github.com/cenkalti/backoff v2.1.0+incompatible/go.mod h1:90ReRw6GdpyfrHakVjL/QHaoyV4aDUVVkXQJJJ3NXXM=
github.com/cenkalti/backoff v2.2.1+incompatible h1:tNowT99t7UNflLxfYYSlKYsBpXdEet03Pg2g16Swow4=
github.com/cenkalti/backoff v2.2.1+incompatible/go.mod h1:90ReRw6GdpyfrHakVjL/QHaoyV4aDUVVkXQJJJ3NXXM=
github.com/davecgh/go-spew v1.1.0/go.mod h1:J7Y8YcW2NihsgmVo/mv3lAwl/skON4iLHjSsI+c5H38=
github.com/davecgh/go-spew v1.1.1 h1:vj9j/u1bqnvCEfJOwUhtlOARqs3+rkHYY13jYWTU97c=
github.com/davecgh/go-spew v1.1.1/go.mod h1:J7Y8YcW2NihsgmVo/mv3lAwl/skON4iLHjSsI+c5H38=
github.com/hashicorp/hcl v1.0.0 h1:0Anlzjpi4vEasTeNFn2mLJgTSwt0+6sfsiTG8qcWGx4=
github.com/hashicorp/hcl v1.0.0/go.mod h1:E5yfLk+7swimpb2L/Alb/PJmXilQ/rhwaUYs4T20WEQ=
github.com/pmezard/go-difflib v1.0.0 h1:4DBwDE0NGyQoBHbLQYPwSUPoCMWR5BEzIk/f1lZbAQM=
github.com/pmezard/go-difflib v1.0.0/go.mod h1:iKH77koFhYxTK1pcRnkKkqfTogsbg7gZNVY4sRDYZ/4=
github.com/rodaine/hclencoder v0.0.0-20180926060551-0680c4321930 h1:PIIrOsb96WXqgSgswkf0M0EfWkdkYwdCqP8w4xEC6dk=
github.com/rodaine/hclencoder v0.0.0-20180926060551-0680c4321930/go.mod h1:hkWgI+PWPCjkVbx8rdk7GhVkpbc/zCLrY/9yF5xGSzI=
github.com/rodaine/hclencoder v0.0.0-20190213202847-fb9757bb536e h1:H9k4BAinsVIlHvkUQxmLq194u5Av7VofhxtPGBOAhAo=
github.com/rodaine/hclencoder v0.0.0-20190213202847-fb9757bb536e/go.mod h1:hkWgI+PWPCjkVbx8rdk7GhVkpbc/zCLrY/9yF5xGSzI=
github.com/stretchr/objx v0.1.0 h1:4G4v2dO3VZwixGIRoQ5Lfboy6nUhCyYzaqnIAPPhYs4=
github.com/stretchr/objx v0.1.0/go.mod h1:HFkY916IF+rwdDfMAkV7OtwuqBVzrE8GR6GFx+wExME=
github.com/stretchr/testify v1.2.2 h1:bSDNvY7ZPG5RlJ8otE/7V6gMiyenm9RtJ7IUVIAoJ1w=
github.com/stretchr/testify v1.2.2/go.mod h1:a8OnRcib4nhh0OaRAV+Yts87kKdq0PP7pXfy6kDkUVs=
github.com/stretchr/testify v1.4.0 h1:2E4SXV/wtOkTonXsotYi4li6zVWxYlZuYNCXe9XRJyk=
github.com/stretchr/testify v1.4.0/go.mod h1:j7eGeouHqKxXV5pUuKE4zz7dFj8WfuZ+81PSLYec5m4=
github.com/zorkian/go-datadog-api v2.18.1-0.20181127191241-1df5bda80d16+incompatible h1:aeraVrF7UcO0+59vQ7z3xNs7toL7REbQJIjODyxeN4I=
github.com/zorkian/go-datadog-api v2.18.1-0.20181127191241-1df5bda80d16+incompatible/go.mod h1:PkXwHX9CUQa/FpB9ZwAD45N1uhCW4MT/Wj7m36PbKss=
github.com/zorkian/go-datadog-api v2.24.0+incompatible h1:conz6t5Vu0nIVigLpinYudl6uYc+xhajR6WuX+tD21I=
github.com/zorkian/go-datadog-api v2.24.0+incompatible/go.mod h1:PkXwHX9CUQa/FpB9ZwAD45N1uhCW4MT/Wj7m36PbKss=
gopkg.in/check.v1 v0.0.0-20161208181325-20d25e280405/go.mod h1:Co6ibVJAznAaIkqp8huTwlJQCZ016jof/cbN4VW5Yz0=
gopkg.in/yaml.v2 v2.2.2 h1:ZCJp+EgiOT7lHqUV2J862kp8Qj64Jo6az82+3Td9dZw=
gopkg.in/yaml.v2 v2.2.2/go.mod h1:hI93XBmqTisBFMUTm0b8Fm+jr3Dg1NNxqwp+5A1VGuI=
